// !$*UTF8*$!
{
	archiveVersion = 1;
	classes = {
	};
	objectVersion = 46;
	objects = {

/* Begin PBXBuildFile section */
		DBFD73E71D18596700C332F4 /* AppDelegate.swift in Sources */ = {isa = PBXBuildFile; fileRef = DBFD73E61D18596700C332F4 /* AppDelegate.swift */; };
		DBFD73EC1D18596700C332F4 /* Main.storyboard in Resources */ = {isa = PBXBuildFile; fileRef = DBFD73EA1D18596700C332F4 /* Main.storyboard */; };
		DBFD73EE1D18596700C332F4 /* Assets.xcassets in Resources */ = {isa = PBXBuildFile; fileRef = DBFD73ED1D18596700C332F4 /* Assets.xcassets */; };
		DBFD73F11D18596700C332F4 /* LaunchScreen.storyboard in Resources */ = {isa = PBXBuildFile; fileRef = DBFD73EF1D18596700C332F4 /* LaunchScreen.storyboard */; };
		DBFD73FC1D18596700C332F4 /* ShoppingListTests.swift in Sources */ = {isa = PBXBuildFile; fileRef = DBFD73FB1D18596700C332F4 /* ShoppingListTests.swift */; };
		DBFD74071D185C0900C332F4 /* MainViewController.swift in Sources */ = {isa = PBXBuildFile; fileRef = DBFD74061D185C0900C332F4 /* MainViewController.swift */; };
		DBFD74091D185C4200C332F4 /* AddViewController.swift in Sources */ = {isa = PBXBuildFile; fileRef = DBFD74081D185C4200C332F4 /* AddViewController.swift */; };
		DBFD740B1D185C5B00C332F4 /* ShoppingList.swift in Sources */ = {isa = PBXBuildFile; fileRef = DBFD740A1D185C5B00C332F4 /* ShoppingList.swift */; };
/* End PBXBuildFile section */

/* Begin PBXContainerItemProxy section */
		DBFD73F81D18596700C332F4 /* PBXContainerItemProxy */ = {
			isa = PBXContainerItemProxy;
			containerPortal = DBFD73DB1D18596700C332F4 /* Project object */;
			proxyType = 1;
			remoteGlobalIDString = DBFD73E21D18596700C332F4;
			remoteInfo = ShoppingList;
		};
/* End PBXContainerItemProxy section */

/* Begin PBXFileReference section */
		DBFD73E31D18596700C332F4 /* ShoppingList.app */ = {isa = PBXFileReference; explicitFileType = wrapper.application; includeInIndex = 0; path = ShoppingList.app; sourceTree = BUILT_PRODUCTS_DIR; };
		DBFD73E61D18596700C332F4 /* AppDelegate.swift */ = {isa = PBXFileReference; lastKnownFileType = sourcecode.swift; path = AppDelegate.swift; sourceTree = "<group>"; };
		DBFD73EB1D18596700C332F4 /* Base */ = {isa = PBXFileReference; lastKnownFileType = file.storyboard; name = Base; path = Base.lproj/Main.storyboard; sourceTree = "<group>"; };
		DBFD73ED1D18596700C332F4 /* Assets.xcassets */ = {isa = PBXFileReference; lastKnownFileType = folder.assetcatalog; path = Assets.xcassets; sourceTree = "<group>"; };
		DBFD73F01D18596700C332F4 /* Base */ = {isa = PBXFileReference; lastKnownFileType = file.storyboard; name = Base; path = Base.lproj/LaunchScreen.storyboard; sourceTree = "<group>"; };
		DBFD73F21D18596700C332F4 /* Info.plist */ = {isa = PBXFileReference; lastKnownFileType = text.plist.xml; path = Info.plist; sourceTree = "<group>"; };
		DBFD73F71D18596700C332F4 /* ShoppingListTests.xctest */ = {isa = PBXFileReference; explicitFileType = wrapper.cfbundle; includeInIndex = 0; path = ShoppingListTests.xctest; sourceTree = BUILT_PRODUCTS_DIR; };
		DBFD73FB1D18596700C332F4 /* ShoppingListTests.swift */ = {isa = PBXFileReference; lastKnownFileType = sourcecode.swift; path = ShoppingListTests.swift; sourceTree = "<group>"; };
		DBFD73FD1D18596700C332F4 /* Info.plist */ = {isa = PBXFileReference; lastKnownFileType = text.plist.xml; path = Info.plist; sourceTree = "<group>"; };
		DBFD74061D185C0900C332F4 /* MainViewController.swift */ = {isa = PBXFileReference; fileEncoding = 4; lastKnownFileType = sourcecode.swift; path = MainViewController.swift; sourceTree = "<group>"; };
		DBFD74081D185C4200C332F4 /* AddViewController.swift */ = {isa = PBXFileReference; fileEncoding = 4; lastKnownFileType = sourcecode.swift; path = AddViewController.swift; sourceTree = "<group>"; };
		DBFD740A1D185C5B00C332F4 /* ShoppingList.swift */ = {isa = PBXFileReference; fileEncoding = 4; lastKnownFileType = sourcecode.swift; name = ShoppingList.swift; path = ../../ShoppingListKeeper/ShoppingListKeeper/ShoppingList.swift; sourceTree = "<group>"; };
/* End PBXFileReference section */

/* Begin PBXFrameworksBuildPhase section */
		DBFD73E01D18596700C332F4 /* Frameworks */ = {
			isa = PBXFrameworksBuildPhase;
			buildActionMask = 2147483647;
			files = (
			);
			runOnlyForDeploymentPostprocessing = 0;
		};
		DBFD73F41D18596700C332F4 /* Frameworks */ = {
			isa = PBXFrameworksBuildPhase;
			buildActionMask = 2147483647;
			files = (
			);
			runOnlyForDeploymentPostprocessing = 0;
		};
/* End PBXFrameworksBuildPhase section */

/* Begin PBXGroup section */
		DBFD73DA1D18596700C332F4 = {
			isa = PBXGroup;
			children = (
				DBFD73E51D18596700C332F4 /* ShoppingList */,
				DBFD73FA1D18596700C332F4 /* ShoppingListTests */,
				DBFD73E41D18596700C332F4 /* Products */,
			);
			sourceTree = "<group>";
		};
		DBFD73E41D18596700C332F4 /* Products */ = {
			isa = PBXGroup;
			children = (
				DBFD73E31D18596700C332F4 /* ShoppingList.app */,
				DBFD73F71D18596700C332F4 /* ShoppingListTests.xctest */,
			);
			name = Products;
			sourceTree = "<group>";
		};
		DBFD73E51D18596700C332F4 /* ShoppingList */ = {
			isa = PBXGroup;
			children = (
				DBFD73EA1D18596700C332F4 /* Main.storyboard */,
				DBFD74081D185C4200C332F4 /* AddViewController.swift */,
				DBFD74061D185C0900C332F4 /* MainViewController.swift */,
				DBFD740A1D185C5B00C332F4 /* ShoppingList.swift */,
				DBFD73ED1D18596700C332F4 /* Assets.xcassets */,
				DBFD73E61D18596700C332F4 /* AppDelegate.swift */,
				DBFD73EF1D18596700C332F4 /* LaunchScreen.storyboard */,
				DBFD73F21D18596700C332F4 /* Info.plist */,
			);
			path = ShoppingList;
			sourceTree = "<group>";
		};
		DBFD73FA1D18596700C332F4 /* ShoppingListTests */ = {
			isa = PBXGroup;
			children = (
				DBFD73FB1D18596700C332F4 /* ShoppingListTests.swift */,
				DBFD73FD1D18596700C332F4 /* Info.plist */,
			);
			path = ShoppingListTests;
			sourceTree = "<group>";
		};
/* End PBXGroup section */

/* Begin PBXNativeTarget section */
		DBFD73E21D18596700C332F4 /* ShoppingList */ = {
			isa = PBXNativeTarget;
			buildConfigurationList = DBFD74001D18596700C332F4 /* Build configuration list for PBXNativeTarget "ShoppingList" */;
			buildPhases = (
				DBFD73DF1D18596700C332F4 /* Sources */,
				DBFD73E01D18596700C332F4 /* Frameworks */,
				DBFD73E11D18596700C332F4 /* Resources */,
			);
			buildRules = (
			);
			dependencies = (
			);
			name = ShoppingList;
			productName = ShoppingList;
			productReference = DBFD73E31D18596700C332F4 /* ShoppingList.app */;
			productType = "com.apple.product-type.application";
		};
		DBFD73F61D18596700C332F4 /* ShoppingListTests */ = {
			isa = PBXNativeTarget;
			buildConfigurationList = DBFD74031D18596700C332F4 /* Build configuration list for PBXNativeTarget "ShoppingListTests" */;
			buildPhases = (
				DBFD73F31D18596700C332F4 /* Sources */,
				DBFD73F41D18596700C332F4 /* Frameworks */,
				DBFD73F51D18596700C332F4 /* Resources */,
			);
			buildRules = (
			);
			dependencies = (
				DBFD73F91D18596700C332F4 /* PBXTargetDependency */,
			);
			name = ShoppingListTests;
			productName = ShoppingListTests;
			productReference = DBFD73F71D18596700C332F4 /* ShoppingListTests.xctest */;
			productType = "com.apple.product-type.bundle.unit-test";
		};
/* End PBXNativeTarget section */

/* Begin PBXProject section */
		DBFD73DB1D18596700C332F4 /* Project object */ = {
			isa = PBXProject;
			attributes = {
				LastSwiftUpdateCheck = 0730;
				LastUpgradeCheck = 0730;
				ORGANIZATIONNAME = "Adam Kuniholm";
				TargetAttributes = {
					DBFD73E21D18596700C332F4 = {
						CreatedOnToolsVersion = 7.3.1;
					};
					DBFD73F61D18596700C332F4 = {
						CreatedOnToolsVersion = 7.3.1;
						TestTargetID = DBFD73E21D18596700C332F4;
					};
				};
			};
			buildConfigurationList = DBFD73DE1D18596700C332F4 /* Build configuration list for PBXProject "ShoppingList" */;
			compatibilityVersion = "Xcode 3.2";
			developmentRegion = English;
			hasScannedForEncodings = 0;
			knownRegions = (
				en,
				Base,
			);
			mainGroup = DBFD73DA1D18596700C332F4;
			productRefGroup = DBFD73E41D18596700C332F4 /* Products */;
			projectDirPath = "";
			projectRoot = "";
			targets = (
				DBFD73E21D18596700C332F4 /* ShoppingList */,
				DBFD73F61D18596700C332F4 /* ShoppingListTests */,
			);
		};
/* End PBXProject section */

/* Begin PBXResourcesBuildPhase section */
		DBFD73E11D18596700C332F4 /* Resources */ = {
			isa = PBXResourcesBuildPhase;
			buildActionMask = 2147483647;
			files = (
				DBFD73F11D18596700C332F4 /* LaunchScreen.storyboard in Resources */,
				DBFD73EE1D18596700C332F4 /* Assets.xcassets in Resources */,
				DBFD73EC1D18596700C332F4 /* Main.storyboard in Resources */,
			);
			runOnlyForDeploymentPostprocessing = 0;
		};
		DBFD73F51D18596700C332F4 /* Resources */ = {
			isa = PBXResourcesBuildPhase;
			buildActionMask = 2147483647;
			files = (
			);
			runOnlyForDeploymentPostprocessing = 0;
		};
/* End PBXResourcesBuildPhase section */

/* Begin PBXSourcesBuildPhase section */
		DBFD73DF1D18596700C332F4 /* Sources */ = {
			isa = PBXSourcesBuildPhase;
			buildActionMask = 2147483647;
			files = (
				DBFD73E71D18596700C332F4 /* AppDelegate.swift in Sources */,
				DBFD740B1D185C5B00C332F4 /* ShoppingList.swift in Sources */,
				DBFD74071D185C0900C332F4 /* MainViewController.swift in Sources */,
				DBFD74091D185C4200C332F4 /* AddViewController.swift in Sources */,
			);
			runOnlyForDeploymentPostprocessing = 0;
		};
		DBFD73F31D18596700C332F4 /* Sources */ = {
			isa = PBXSourcesBuildPhase;
			buildActionMask = 2147483647;
			files = (
				DBFD73FC1D18596700C332F4 /* ShoppingListTests.swift in Sources */,
			);
			runOnlyForDeploymentPostprocessing = 0;
		};
/* End PBXSourcesBuildPhase section */

/* Begin PBXTargetDependency section */
		DBFD73F91D18596700C332F4 /* PBXTargetDependency */ = {
			isa = PBXTargetDependency;
			target = DBFD73E21D18596700C332F4 /* ShoppingList */;
			targetProxy = DBFD73F81D18596700C332F4 /* PBXContainerItemProxy */;
		};
/* End PBXTargetDependency section */

/* Begin PBXVariantGroup section */
		DBFD73EA1D18596700C332F4 /* Main.storyboard */ = {
			isa = PBXVariantGroup;
			children = (
				DBFD73EB1D18596700C332F4 /* Base */,
			);
			name = Main.storyboard;
			sourceTree = "<group>";
		};
		DBFD73EF1D18596700C332F4 /* LaunchScreen.storyboard */ = {
			isa = PBXVariantGroup;
			children = (
				DBFD73F01D18596700C332F4 /* Base */,
			);
			name = LaunchScreen.storyboard;
			sourceTree = "<group>";
		};
/* End PBXVariantGroup section */

/* Begin XCBuildConfiguration section */
		DBFD73FE1D18596700C332F4 /* Debug */ = {
			isa = XCBuildConfiguration;
			buildSettings = {
				ALWAYS_SEARCH_USER_PATHS = NO;
				CLANG_ANALYZER_NONNULL = YES;
				CLANG_CXX_LANGUAGE_STANDARD = "gnu++0x";
				CLANG_CXX_LIBRARY = "libc++";
				CLANG_ENABLE_MODULES = YES;
				CLANG_ENABLE_OBJC_ARC = YES;
				CLANG_WARN_BOOL_CONVERSION = YES;
				CLANG_WARN_CONSTANT_CONVERSION = YES;
				CLANG_WARN_DIRECT_OBJC_ISA_USAGE = YES_ERROR;
				CLANG_WARN_EMPTY_BODY = YES;
				CLANG_WARN_ENUM_CONVERSION = YES;
				CLANG_WARN_INT_CONVERSION = YES;
				CLANG_WARN_OBJC_ROOT_CLASS = YES_ERROR;
				CLANG_WARN_UNREACHABLE_CODE = YES;
				CLANG_WARN__DUPLICATE_METHOD_MATCH = YES;
				"CODE_SIGN_IDENTITY[sdk=iphoneos*]" = "iPhone Developer";
				COPY_PHASE_STRIP = NO;
				DEBUG_INFORMATION_FORMAT = dwarf;
				ENABLE_STRICT_OBJC_MSGSEND = YES;
				ENABLE_TESTABILITY = YES;
				GCC_C_LANGUAGE_STANDARD = gnu99;
				GCC_DYNAMIC_NO_PIC = NO;
				GCC_NO_COMMON_BLOCKS = YES;
				GCC_OPTIMIZATION_LEVEL = 0;
				GCC_PREPROCESSOR_DEFINITIONS = (
					"DEBUG=1",
					"$(inherited)",
				);
				GCC_WARN_64_TO_32_BIT_CONVERSION = YES;
				GCC_WARN_ABOUT_RETURN_TYPE = YES_ERROR;
				GCC_WARN_UNDECLARED_SELECTOR = YES;
				GCC_WARN_UNINITIALIZED_AUTOS = YES_AGGRESSIVE;
				GCC_WARN_UNUSED_FUNCTION = YES;
				GCC_WARN_UNUSED_VARIABLE = YES;
				IPHONEOS_DEPLOYMENT_TARGET = 9.3;
				MTL_ENABLE_DEBUG_INFO = YES;
				ONLY_ACTIVE_ARCH = YES;
				SDKROOT = iphoneos;
				SWIFT_OPTIMIZATION_LEVEL = "-Onone";
				TARGETED_DEVICE_FAMILY = "1,2";
			};
			name = Debug;
		};
		DBFD73FF1D18596700C332F4 /* Release */ = {
			isa = XCBuildConfiguration;
			buildSettings = {
				ALWAYS_SEARCH_USER_PATHS = NO;
				CLANG_ANALYZER_NONNULL = YES;
				CLANG_CXX_LANGUAGE_STANDARD = "gnu++0x";
				CLANG_CXX_LIBRARY = "libc++";
				CLANG_ENABLE_MODULES = YES;
				CLANG_ENABLE_OBJC_ARC = YES;
				CLANG_WARN_BOOL_CONVERSION = YES;
				CLANG_WARN_CONSTANT_CONVERSION = YES;
				CLANG_WARN_DIRECT_OBJC_ISA_USAGE = YES_ERROR;
				CLANG_WARN_EMPTY_BODY = YES;
				CLANG_WARN_ENUM_CONVERSION = YES;
				CLANG_WARN_INT_CONVERSION = YES;
				CLANG_WARN_OBJC_ROOT_CLASS = YES_ERROR;
				CLANG_WARN_UNREACHABLE_CODE = YES;
				CLANG_WARN__DUPLICATE_METHOD_MATCH = YES;
				"CODE_SIGN_IDENTITY[sdk=iphoneos*]" = "iPhone Developer";
				COPY_PHASE_STRIP = NO;
				DEBUG_INFORMATION_FORMAT = "dwarf-with-dsym";
				ENABLE_NS_ASSERTIONS = NO;
				ENABLE_STRICT_OBJC_MSGSEND = YES;
				GCC_C_LANGUAGE_STANDARD = gnu99;
				GCC_NO_COMMON_BLOCKS = YES;
				GCC_WARN_64_TO_32_BIT_CONVERSION = YES;
				GCC_WARN_ABOUT_RETURN_TYPE = YES_ERROR;
				GCC_WARN_UNDECLARED_SELECTOR = YES;
				GCC_WARN_UNINITIALIZED_AUTOS = YES_AGGRESSIVE;
				GCC_WARN_UNUSED_FUNCTION = YES;
				GCC_WARN_UNUSED_VARIABLE = YES;
				IPHONEOS_DEPLOYMENT_TARGET = 9.3;
				MTL_ENABLE_DEBUG_INFO = NO;
				SDKROOT = iphoneos;
				TARGETED_DEVICE_FAMILY = "1,2";
				VALIDATE_PRODUCT = YES;
			};
			name = Release;
		};
		DBFD74011D18596700C332F4 /* Debug */ = {
			isa = XCBuildConfiguration;
			buildSettings = {
				ASSETCATALOG_COMPILER_APPICON_NAME = AppIcon;
				INFOPLIST_FILE = ShoppingList/Info.plist;
				LD_RUNPATH_SEARCH_PATHS = "$(inherited) @executable_path/Frameworks";
				PRODUCT_BUNDLE_IDENTIFIER = "Adam-Kuniholm.ShoppingList";
				PRODUCT_NAME = "$(TARGET_NAME)";
			};
			name = Debug;
		};
		DBFD74021D18596700C332F4 /* Release */ = {
			isa = XCBuildConfiguration;
			buildSettings = {
				ASSETCATALOG_COMPILER_APPICON_NAME = AppIcon;
				INFOPLIST_FILE = ShoppingList/Info.plist;
				LD_RUNPATH_SEARCH_PATHS = "$(inherited) @executable_path/Frameworks";
				PRODUCT_BUNDLE_IDENTIFIER = "Adam-Kuniholm.ShoppingList";
				PRODUCT_NAME = "$(TARGET_NAME)";
			};
			name = Release;
		};
		DBFD74041D18596700C332F4 /* Debug */ = {
			isa = XCBuildConfiguration;
			buildSettings = {
				BUNDLE_LOADER = "$(TEST_HOST)";
				INFOPLIST_FILE = ShoppingListTests/Info.plist;
				LD_RUNPATH_SEARCH_PATHS = "$(inherited) @executable_path/Frameworks @loader_path/Frameworks";
				PRODUCT_BUNDLE_IDENTIFIER = "Adam-Kuniholm.ShoppingListTests";
				PRODUCT_NAME = "$(TARGET_NAME)";
				TEST_HOST = "$(BUILT_PRODUCTS_DIR)/ShoppingList.app/ShoppingList";
			};
			name = Debug;
		};
		DBFD74051D18596700C332F4 /* Release */ = {
			isa = XCBuildConfiguration;
			buildSettings = {
				BUNDLE_LOADER = "$(TEST_HOST)";
				INFOPLIST_FILE = ShoppingListTests/Info.plist;
				LD_RUNPATH_SEARCH_PATHS = "$(inherited) @executable_path/Frameworks @loader_path/Frameworks";
				PRODUCT_BUNDLE_IDENTIFIER = "Adam-Kuniholm.ShoppingListTests";
				PRODUCT_NAME = "$(TARGET_NAME)";
				TEST_HOST = "$(BUILT_PRODUCTS_DIR)/ShoppingList.app/ShoppingList";
			};
			name = Release;
		};
/* End XCBuildConfiguration section */

/* Begin XCConfigurationList section */
		DBFD73DE1D18596700C332F4 /* Build configuration list for PBXProject "ShoppingList" */ = {
			isa = XCConfigurationList;
			buildConfigurations = (
				DBFD73FE1D18596700C332F4 /* Debug */,
				DBFD73FF1D18596700C332F4 /* Release */,
			);
			defaultConfigurationIsVisible = 0;
			defaultConfigurationName = Release;
		};
		DBFD74001D18596700C332F4 /* Build configuration list for PBXNativeTarget "ShoppingList" */ = {
			isa = XCConfigurationList;
			buildConfigurations = (
				DBFD74011D18596700C332F4 /* Debug */,
				DBFD74021D18596700C332F4 /* Release */,
			);
			defaultConfigurationIsVisible = 0;
			defaultConfigurationName = Release;
		};
		DBFD74031D18596700C332F4 /* Build configuration list for PBXNativeTarget "ShoppingListTests" */ = {
			isa = XCConfigurationList;
			buildConfigurations = (
				DBFD74041D18596700C332F4 /* Debug */,
				DBFD74051D18596700C332F4 /* Release */,
			);
			defaultConfigurationIsVisible = 0;
			defaultConfigurationName = Release;
		};
/* End XCConfigurationList section */
	};
	rootObject = DBFD73DB1D18596700C332F4 /* Project object */;
}
